
Microsoft Visual Studio Solution File, Format Version 12.00
# Visual Studio Version 17
VisualStudioVersion = 17.14.36603.0 d17.14
MinimumVisualStudioVersion = 10.0.40219.1
Project("{FAE04EC0-301F-11D3-BF4B-00C04F79EFBC}") = "miniproject02-huffmancoding", "miniproject02-huffmancoding\miniproject02-huffmancoding.csproj", "{DE15C3EB-5E97-4E9C-BF8F-44F928811D0A}"
EndProject
Global
	GlobalSection(SolutionConfigurationPlatforms) = preSolution
		Debug|Any CPU = Debug|Any CPU
		Release|Any CPU = Release|Any CPU
	EndGlobalSection
	GlobalSection(ProjectConfigurationPlatforms) = postSolution
		{DE15C3EB-5E97-4E9C-BF8F-44F928811D0A}.Debug|Any CPU.ActiveCfg = Debug|Any CPU
		{DE15C3EB-5E97-4E9C-BF8F-44F928811D0A}.Debug|Any CPU.Build.0 = Debug|Any CPU
		{DE15C3EB-5E97-4E9C-BF8F-44F928811D0A}.Release|Any CPU.ActiveCfg = Release|Any CPU
		{DE15C3EB-5E97-4E9C-BF8F-44F928811D0A}.Release|Any CPU.Build.0 = Release|Any CPU
	EndGlobalSection
	GlobalSection(SolutionProperties) = preSolution
		HideSolutionNode = FALSE
	EndGlobalSection
	GlobalSection(ExtensibilityGlobals) = postSolution
		SolutionGuid = {8F9D53E2-4279-42D5-A527-9557BDD46FDD}
	EndGlobalSection
EndGlobal
